
Microsoft Visual Studio Solution File, Format Version 12.00
# Visual Studio Version 17
VisualStudioVersion = 17.5.33530.505
MinimumVisualStudioVersion = 10.0.40219.1
Project("{9A19103F-16F7-4668-BE54-9A1E7A4F7556}") = "EmprestimoLivros.API", "EmprestimoLivros.API\EmprestimoLivros.API.csproj", "{33BD55B1-2B65-43B3-9A6A-AC81C57BE111}"
EndProject
Project("{FAE04EC0-301F-11D3-BF4B-00C04F79EFBC}") = "EmprestimoLivros.Web", "EmprestimoLivros.Web\EmprestimoLivros.Web.csproj", "{4824B03A-54D9-4E99-B07D-01A8DAA536F1}"
EndProject
Global
	GlobalSection(SolutionConfigurationPlatforms) = preSolution
		Debug|Any CPU = Debug|Any CPU
		Release|Any CPU = Release|Any CPU
	EndGlobalSection
	GlobalSection(ProjectConfigurationPlatforms) = postSolution
		{33BD55B1-2B65-43B3-9A6A-AC81C57BE111}.Debug|Any CPU.ActiveCfg = Debug|Any CPU
		{33BD55B1-2B65-43B3-9A6A-AC81C57BE111}.Debug|Any CPU.Build.0 = Debug|Any CPU
		{33BD55B1-2B65-43B3-9A6A-AC81C57BE111}.Release|Any CPU.ActiveCfg = Release|Any CPU
		{33BD55B1-2B65-43B3-9A6A-AC81C57BE111}.Release|Any CPU.Build.0 = Release|Any CPU
		{4824B03A-54D9-4E99-B07D-01A8DAA536F1}.Debug|Any CPU.ActiveCfg = Debug|Any CPU
		{4824B03A-54D9-4E99-B07D-01A8DAA536F1}.Debug|Any CPU.Build.0 = Debug|Any CPU
		{4824B03A-54D9-4E99-B07D-01A8DAA536F1}.Release|Any CPU.ActiveCfg = Release|Any CPU
		{4824B03A-54D9-4E99-B07D-01A8DAA536F1}.Release|Any CPU.Build.0 = Release|Any CPU
	EndGlobalSection
	GlobalSection(SolutionProperties) = preSolution
		HideSolutionNode = FALSE
	EndGlobalSection
	GlobalSection(ExtensibilityGlobals) = postSolution
		SolutionGuid = {4592B711-B441-4CDA-B313-BFCD613F38F0}
	EndGlobalSection
EndGlobal
